
Microsoft Visual Studio Solution File, Format Version 12.00
# Visual Studio Version 16
VisualStudioVersion = 16.0.31702.278
MinimumVisualStudioVersion = 10.0.40219.1
Project("{FAE04EC0-301F-11D3-BF4B-00C04F79EFBC}") = "ZAPP", "ZAPP\ZAPP.csproj", "{1A158E4A-E4E7-4A5D-9C24-2CF5F9D2FC00}"
EndProject
Global
	GlobalSection(SolutionConfigurationPlatforms) = preSolution
		Debug|Any CPU = Debug|Any CPU
		Release|Any CPU = Release|Any CPU
	EndGlobalSection
	GlobalSection(ProjectConfigurationPlatforms) = postSolution
		{1A158E4A-E4E7-4A5D-9C24-2CF5F9D2FC00}.Debug|Any CPU.ActiveCfg = Debug|Any CPU
		{1A158E4A-E4E7-4A5D-9C24-2CF5F9D2FC00}.Debug|Any CPU.Build.0 = Debug|Any CPU
		{1A158E4A-E4E7-4A5D-9C24-2CF5F9D2FC00}.Release|Any CPU.ActiveCfg = Release|Any CPU
		{1A158E4A-E4E7-4A5D-9C24-2CF5F9D2FC00}.Release|Any CPU.Build.0 = Release|Any CPU
	EndGlobalSection
	GlobalSection(SolutionProperties) = preSolution
		HideSolutionNode = FALSE
	EndGlobalSection
	GlobalSection(ExtensibilityGlobals) = postSolution
		SolutionGuid = {A4B3A6AE-F8D8-4658-9BAF-65868AF54728}
	EndGlobalSection
EndGlobal
